overrides:
  form-data: 4.0.4

  detect-libc@2.1.1:
    resolution: {integrity: sha512-ecqj/sy1jcK1uWrwpR67UhYrIFQ+5WlGxth34WquCbamhFA6hkkwiu37o6J5xCHdo1oixJRfVRw+ywV+Hq/0Aw==}
    engines: {node: '>=8'}

  postcss-js@4.1.0:
    resolution: {integrity: sha512-oIAOTqgIo7q2EOwbhb8UalYePMvYoIeRY2YKntdpFQXNosSu3vLrniGgmH9OKs/qAkfoj5oB3le/7mINW1LCfw==}
      form-data: 4.0.4
  detect-libc@2.1.1:
    optional: true

      form-data: 4.0.4
      form-data: 4.0.4
      form-data: 4.0.4
      form-data: 4.0.4
      detect-libc: 2.1.1
  postcss-js@4.1.0(postcss@8.5.6):
      postcss-js: 4.1.0(postcss@8.5.6)
