lockfileVersion: 5.4

specifiers:
  '@public-ui/components': 1.3.3-rc.0
  rimraf: 4.1.2

devDependencies:
  '@public-ui/components': 1.3.3-rc.0
  rimraf: 4.1.2

packages:

  /@a11y-ui/core/1.0.1-rc.58:
    resolution: {integrity: sha512-q8m03dfgy9bSjj2WgYl32cHbbvlmBrMeObbYnXpOGjFQ3GRG7vcBoyOBrNC/3lBnM83UzHL370tGoFYuafvojw==}
    dependencies:
      loglevel: 1.8.1
    dev: true

  /@public-ui/components/1.3.3-rc.0:
    resolution: {integrity: sha512-Z4ugMyV8Cogolum4SmzoLBib+qfaXYq8hKwodGRoPYurQ1oTj2Ss4Xlel8I4X6SLF6OAHEWrd1BrZvlHOjGbmw==}
    dependencies:
      '@public-ui/schema': 1.3.3-rc.0
    dev: true

  /@public-ui/schema/1.3.3-rc.0:
    resolution: {integrity: sha512-q8IIe61E1/graqajUSVnNZ5oGGMZ/U2uaBF5pYFeofOCbxddVcNhyceeNyjm876bpckdVjd91l9WbHhGMXfQcg==}
    dependencies:
      '@a11y-ui/core': 1.0.1-rc.58
    dev: true

  /loglevel/1.8.1:
    resolution: {integrity: sha512-tCRIJM51SHjAayKwC+QAg8hT8vg6z7GSgLJKGvzuPb1Wc+hLzqtuVLxp6/HzSPOozuK+8ErAhy7U/sVzw8Dgfg==}
    engines: {node: '>= 0.6.0'}
    dev: true

  /rimraf/4.1.2:
    resolution: {integrity: sha512-BlIbgFryTbw3Dz6hyoWFhKk+unCcHMSkZGrTFVAx2WmttdBSonsdtRlwiuTbDqTKr+UlXIUqJVS4QT5tUzGENQ==}
    engines: {node: '>=14'}
    hasBin: true
    dev: true
