lockfileVersion: 5.4

specifiers:
  '@public-ui/components': 1.4.0-rc.1
  rimraf: 4.1.2

devDependencies:
  '@public-ui/components': 1.4.0-rc.1
  rimraf: 4.1.2

packages:

  /@a11y-ui/core/1.0.1-rc.61:
    resolution: {integrity: sha512-h4pofqmDZwMXpsy142c55r4ZGWE1/ltTCBr4pJ+NSRDW1UntRi0yX0akTdPKLz+ngEo/Tv7w4I3bE4KA6URjMg==}
    dependencies:
      loglevel: 1.8.1
    dev: true

  /@babel/runtime/7.20.13:
    resolution: {integrity: sha512-gt3PKXs0DBoL9xCvOIIZ2NEqAGZqHjAnmVbfQtB620V0uReIQutpel14KcneZuer7UioY8ALKZ7iocavvzTNFA==}
    engines: {node: '>=6.9.0'}
    dependencies:
      regenerator-runtime: 0.13.11
    dev: true

  /@floating-ui/core/1.2.0:
    resolution: {integrity: sha512-GHUXPEhMEmTpnpIfesFA2KAoMJPb1SPQw964tToQwt+BbGXdhqTCWT1rOb0VURGylsxsYxiGMnseJ3IlclVpVA==}
    dev: true

  /@floating-ui/dom/1.1.1:
    resolution: {integrity: sha512-TpIO93+DIujg3g7SykEAGZMDtbJRrmnYRCNYSjJlvIbGhBjRSNTLVbNeDQBrzy9qDgUbiWdc7KA0uZHZ2tJmiw==}
    dependencies:
      '@floating-ui/core': 1.2.0
    dev: true

  /@public-ui/components/1.4.0-rc.1:
    resolution: {integrity: sha512-GBmV+cOafcUZdr8R5KKdS+iei3S74W8RRHz7stwKjv+fykTFvisZ8VJy41co0WC4Tqw495r5u64XOA7Zq4GzSg==}
    dependencies:
      '@floating-ui/dom': 1.1.1
      '@public-ui/core': 1.4.0-rc.1
      '@public-ui/schema': 1.4.0-rc.1
      npm: 9.4.1
      start: 5.1.0
    dev: true

  /@public-ui/core/1.4.0-rc.1:
    resolution: {integrity: sha512-DIqbQT0wGNZJgHiGm0fSASbWzmiOy/w3760P3tJerCxcKFyoCnTd/PST+rM/5cH9w+GFjlSyaVuWnxTp0vX6zQ==}
    dependencies:
      '@a11y-ui/core': 1.0.1-rc.61
      i18next: 22.4.9
    dev: true

  /@public-ui/schema/1.4.0-rc.1:
    resolution: {integrity: sha512-7QdfMfdrN8I3LvXC9M0BFE0HMFNcGkWZf/FbUMK7eQF59LUSquBieZ4H3fMCkyWr/tc4HPq64/aehXDZpvacoA==}
    dependencies:
      '@a11y-ui/core': 1.0.1-rc.61
    dev: true

  /i18next/22.4.9:
    resolution: {integrity: sha512-8gWMmUz460KJDQp/ob3MNUX84cVuDRY9PLFPnV8d+Qezz/6dkjxwOaH70xjrCNDO+JrUL25iXfAIN9wUkInNZw==}
    dependencies:
      '@babel/runtime': 7.20.13
    dev: true

  /loglevel/1.8.1:
    resolution: {integrity: sha512-tCRIJM51SHjAayKwC+QAg8hT8vg6z7GSgLJKGvzuPb1Wc+hLzqtuVLxp6/HzSPOozuK+8ErAhy7U/sVzw8Dgfg==}
    engines: {node: '>= 0.6.0'}
    dev: true

  /npm/9.4.1:
    resolution: {integrity: sha512-yCtrPwN/vPtc2KRyIBLdTqPMFy0R9pPurr8wJKtDvDfzICY/3IBG6t2z+zHA79pl5R8+mVH8EcJICLUeU48oQQ==}
    engines: {node: ^14.17.0 || ^16.13.0 || >=18.0.0}
    hasBin: true
    dev: true
    bundledDependencies:
      - '@isaacs/string-locale-compare'
      - '@npmcli/arborist'
      - '@npmcli/config'
      - '@npmcli/map-workspaces'
      - '@npmcli/package-json'
      - '@npmcli/run-script'
      - abbrev
      - archy
      - cacache
      - chalk
      - ci-info
      - cli-columns
      - cli-table3
      - columnify
      - fastest-levenshtein
      - fs-minipass
      - glob
      - graceful-fs
      - hosted-git-info
      - ini
      - init-package-json
      - is-cidr
      - json-parse-even-better-errors
      - libnpmaccess
      - libnpmdiff
      - libnpmexec
      - libnpmfund
      - libnpmhook
      - libnpmorg
      - libnpmpack
      - libnpmpublish
      - libnpmsearch
      - libnpmteam
      - libnpmversion
      - make-fetch-happen
      - minimatch
      - minipass
      - minipass-pipeline
      - mkdirp
      - ms
      - node-gyp
      - nopt
      - npm-audit-report
      - npm-install-checks
      - npm-package-arg
      - npm-pick-manifest
      - npm-profile
      - npm-registry-fetch
      - npm-user-validate
      - npmlog
      - p-map
      - pacote
      - parse-conflict-json
      - proc-log
      - qrcode-terminal
      - read
      - read-package-json
      - read-package-json-fast
      - semver
      - ssri
      - tar
      - text-table
      - tiny-relative-date
      - treeverse
      - validate-npm-package-name
      - which
      - write-file-atomic

  /regenerator-runtime/0.13.11:
    resolution: {integrity: sha512-kY1AZVr2Ra+t+piVaJ4gxaFaReZVH40AKNo7UCX6W+dEwBo/2oZJzqfuN1qLq1oL45o56cPaTXELwrTh8Fpggg==}
    dev: true

  /rimraf/4.1.2:
    resolution: {integrity: sha512-BlIbgFryTbw3Dz6hyoWFhKk+unCcHMSkZGrTFVAx2WmttdBSonsdtRlwiuTbDqTKr+UlXIUqJVS4QT5tUzGENQ==}
    engines: {node: '>=14'}
    hasBin: true
    dev: true

  /start/5.1.0:
    resolution: {integrity: sha512-lirwWQmvBC65bnxU3HzKx5m7vfZJZTx/FrKyPWbtobcvujGbinQQRrNodtcgkp4mTZ00umzDeg7lraN351l0aA==}
    engines: {node: '>=4'}
    deprecated: Deprecated in favor of https://github.com/deepsweet/start
    dev: true
