lockfileVersion: 5.4

specifiers:
  '@a11y-ui/core': 1.0.0-rc.15
  '@leanup/lib': 1.3.36
  '@public-ui/components': 1.1.8
  '@public-ui/core': 1.1.8
  '@types/minimatch': 5.1.2
  '@types/minimist': 1.2.2
  '@types/node': 18.8.3
  '@types/normalize-package-data': 2.4.1
  preact: 10.11.1
  typescript: 4.8.4

devDependencies:
  '@a11y-ui/core': 1.0.0-rc.15
  '@leanup/lib': 1.3.36
  '@public-ui/components': 1.1.8
  '@public-ui/core': 1.1.8
  '@types/minimatch': 5.1.2
  '@types/minimist': 1.2.2
  '@types/node': 18.8.3
  '@types/normalize-package-data': 2.4.1
  preact: 10.11.1
  typescript: 4.8.4

packages:

  /@a11y-ui/core/1.0.0-rc.15:
    resolution: {integrity: sha512-vv4CcFc090ZVHTaxc6oX66oBR6dcVj27IxGV9cOFPcoRMKElfR9WFGYNxb3MFBnqj7OMfu5QfVEAgMTXQa8Jjw==}
    dependencies:
      '@leanup/lib': 1.3.20
    dev: true

  /@leanup/lib/1.3.20:
    resolution: {integrity: sha512-xAHNLTMaXuV8ENPoMU+4J1WTzoXciRgkP0U9205DcPcZUf90M7jTCgRBz2z0mrbqNzUjJOaS9eBvznmYsIj+zg==}
    dependencies:
      loglevel: 1.8.0
      tslib: 2.4.0
    dev: true

  /@leanup/lib/1.3.36:
    resolution: {integrity: sha512-DnPkC0G63jjxX/AU2MuYnmUswQzdeoGWmoS7ouURXpO2E/iMu2dZHmRNy3pj52phdpNSdjbNlK0oIPkmUBAEag==}
    dependencies:
      loglevel: 1.8.0
      tslib: 2.4.0
    dev: true

  /@public-ui/components/1.1.8:
    resolution: {integrity: sha512-f7PTiUk42mj4S1cN8E2NsTsqSrdye/nG2LEFxwj3mCR8reZ8wNgXhyrViJmbJIcZUE4PKu3J2x8dhR2umtbexA==}
    dependencies:
      '@leanup/lib': 1.3.36
      '@public-ui/schema': 1.1.8
    dev: true

  /@public-ui/core/1.1.8:
    resolution: {integrity: sha512-XhYBxPTyifcEpeksuFAaPj+5kq3S8BH0mhZsrWXjWRXhmtR6vhmvwUgrYsRseNxkM6E1THhsW6aGtI/ykNrDbg==}
    dependencies:
      '@a11y-ui/core': 1.0.0-rc.15
      '@leanup/lib': 1.3.36
      rxjs: 7.5.7
    dev: true

  /@public-ui/schema/1.1.8:
    resolution: {integrity: sha512-54bJyeAMim5DrZprhALC4UNJmwuHwYAyqoe/y8HCF66krRAKGTPOrcnPNfmLg+vPDBhKmwFKyyX4uM5Y8qdVoQ==}
    dependencies:
      '@public-ui/core': 1.1.8
    dev: true

  /@types/minimatch/5.1.2:
    resolution: {integrity: sha512-K0VQKziLUWkVKiRVrx4a40iPaxTUefQmjtkQofBkYRcoaaL/8rhwDWww9qWbrgicNOgnpIsMxyNIUM4+n6dUIA==}
    dev: true

  /@types/minimist/1.2.2:
    resolution: {integrity: sha512-jhuKLIRrhvCPLqwPcx6INqmKeiA5EWrsCOPhrlFSrbrmU4ZMPjj5Ul/oLCMDO98XRUIwVm78xICz4EPCektzeQ==}
    dev: true

  /@types/node/18.8.3:
    resolution: {integrity: sha512-0os9vz6BpGwxGe9LOhgP/ncvYN5Tx1fNcd2TM3rD/aCGBkysb+ZWpXEocG24h6ZzOi13+VB8HndAQFezsSOw1w==}
    dev: true

  /@types/normalize-package-data/2.4.1:
    resolution: {integrity: sha512-Gj7cI7z+98M282Tqmp2K5EIsoouUEzbBJhQQzDE3jSIRk6r9gsz0oUokqIUR4u1R3dMHo0pDHM7sNOHyhulypw==}
    dev: true

  /loglevel/1.8.0:
    resolution: {integrity: sha512-G6A/nJLRgWOuuwdNuA6koovfEV1YpqqAG4pRUlFaz3jj2QNZ8M4vBqnVA+HBTmU/AMNUtlOsMmSpF6NyOjztbA==}
    engines: {node: '>= 0.6.0'}
    dev: true

  /preact/10.11.1:
    resolution: {integrity: sha512-1Wz5PCRm6Fg+6BTXWJHhX4wRK9MZbZBHuwBqfZlOdVm2NqPe8/rjYpufvYCwJSGb9layyzB2jTTXfpCTynLqFQ==}
    dev: true

  /rxjs/7.5.7:
    resolution: {integrity: sha512-z9MzKh/UcOqB3i20H6rtrlaE/CgjLOvheWK/9ILrbhROGTweAi1BaFsTT9FbwZi5Trr1qNRs+MXkhmR06awzQA==}
    dependencies:
      tslib: 2.4.0
    dev: true

  /tslib/2.4.0:
    resolution: {integrity: sha512-d6xOpEDfsi2CZVlPQzGeux8XMwLT9hssAsaPYExaQMuYskwb+x1x7J371tWlbBdWHroy99KnVB6qIkUbs5X3UQ==}
    dev: true

  /typescript/4.8.4:
    resolution: {integrity: sha512-QCh+85mCy+h0IGff8r5XWzOVSbBO+KfeYrMQh7NJ58QujwcE22u+NUSmUxqF+un70P9GXKxa2HCNiTTMJknyjQ==}
    engines: {node: '>=4.2.0'}
    hasBin: true
    dev: true
