lockfileVersion: 5.4

specifiers:
  '@babel/types': 7.18.8
  '@public-ui/components': 1.1.4-rc.4-rc.0
  '@leanup/form': 1.3.22
  '@types/minimatch': 3.0.5
  '@types/minimist': 1.2.2
  '@types/node': 18.0.3
  '@types/normalize-package-data': 2.4.1
  rimraf: 3.0.2
  svelte: 3.49.0
  typescript: 4.7.4

devDependencies:
  '@babel/types': 7.18.8
  '@public-ui/components': 1.1.4-rc.4-rc.0_@leanup+form@1.3.22
  '@leanup/form': 1.3.22
  '@types/minimatch': 3.0.5
  '@types/minimist': 1.2.2
  '@types/node': 18.0.3
  '@types/normalize-package-data': 2.4.1
  rimraf: 3.0.2
  svelte: 3.49.0
  typescript: 4.7.4

packages:
  /@a11y-ui/core/1.0.0-rc.13:
    resolution: { integrity: sha512-8D7QodJJlX47wc44NS20LOtA/fEO4qA0aAF/I+uL2Ua04c4EAaBBBttzdu31zt+qQTg4EVGgjvgncnKiX1yccg== }
    dependencies:
      '@leanup/lib': 1.3.20
    dev: true

  /@babel/helper-validator-identifier/7.18.6:
    resolution: { integrity: sha512-MmetCkz9ej86nJQV+sFCxoGGrUbU3q02kgLciwkrt9QqEB7cP39oKEY0PakknEO0Gu20SskMRi+AYZ3b1TpN9g== }
    engines: { node: '>=6.9.0' }
    dev: true

  /@babel/types/7.18.8:
    resolution: { integrity: sha512-qwpdsmraq0aJ3osLJRApsc2ouSJCdnMeZwB0DhbtHAtRpZNZCdlbRnHIgcRKzdE1g0iOGg644fzjOBcdOz9cPw== }
    engines: { node: '>=6.9.0' }
    dependencies:
      '@babel/helper-validator-identifier': 7.18.6
      to-fast-properties: 2.0.0
    dev: true

  /@public-ui/core/1.1.4-rc.4-rc.0:
    resolution: { integrity: sha512-Fzni28aomCuG0ZdkGXA+QfxEhASSA6grsZDQ+aiXXPMh63O2HNLKS36Sj49Msx8ZiTknzL/1othuaS/JPHK3/g== }
    dependencies:
      '@a11y-ui/core': 1.0.0-rc.13
      rxjs: 7.5.5
    dev: true

  /@public-ui/components/1.1.4-rc.4-rc.0_@leanup+form@1.3.22:
    resolution: { integrity: sha512-527e3ZikbNc/UlTwV5OGmyuqDkbrET1OGkbRxHwKHcB/vySThchS7TjlYjOUdXvJoXn4owcAS7cmAFp9Lq5mwg== }
    peerDependencies:
      '@leanup/form': '>=1.2 && <2'
    dependencies:
      '@public-ui/schema': 1.1.4-rc.4-rc.0
      '@leanup/form': 1.3.22
      '@leanup/lib': 1.3.22
    dev: true

  /@public-ui/schema/1.1.4-rc.4-rc.0:
    resolution: { integrity: sha512-uLC5+IrfGsPfpIdT+lIdKB9nTZuL6jJGWzdX9CkeqBCc3AXQcllafOeULtadVGmOZaIqhwJBXGyDVYxuazmFXw== }
    dependencies:
      '@public-ui/core': 1.1.4-rc.4-rc.0
    dev: true

  /@leanup/form/1.3.22:
    resolution: { integrity: sha512-LhKiTqn4Czt4MfCQm1EaMZitmLzJ6/LNHgrTrjtbE+m+JcB8pgrQ3SzqTIKh3jO8mtkVEdZGXRVBWFOxoF/g5Q== }
    dependencies:
      '@leanup/lib': 1.3.22
    dev: true

  /@leanup/lib/1.3.20:
    resolution: { integrity: sha512-xAHNLTMaXuV8ENPoMU+4J1WTzoXciRgkP0U9205DcPcZUf90M7jTCgRBz2z0mrbqNzUjJOaS9eBvznmYsIj+zg== }
    dependencies:
      loglevel: 1.8.0
      tslib: 2.4.0
    dev: true

  /@leanup/lib/1.3.22:
    resolution: { integrity: sha512-8gNcBfrE8JO8QqCoPc0JdO7y3zrNtcD5FoU32+4EF61s4z2eibmGggnSZd1vsTYxWN76gzgAZjj3U43RiWVx8g== }
    dependencies:
      loglevel: 1.8.0
      tslib: 2.4.0
    dev: true

  /@types/minimatch/3.0.5:
    resolution: { integrity: sha512-Klz949h02Gz2uZCMGwDUSDS1YBlTdDDgbWHi+81l29tQALUtvz4rAYi5uoVhE5Lagoq6DeqAUlbrHvW/mXDgdQ== }
    dev: true

  /@types/minimist/1.2.2:
    resolution: { integrity: sha512-jhuKLIRrhvCPLqwPcx6INqmKeiA5EWrsCOPhrlFSrbrmU4ZMPjj5Ul/oLCMDO98XRUIwVm78xICz4EPCektzeQ== }
    dev: true

  /@types/node/18.0.3:
    resolution: { integrity: sha512-HzNRZtp4eepNitP+BD6k2L6DROIDG4Q0fm4x+dwfsr6LGmROENnok75VGw40628xf+iR24WeMFcHuuBDUAzzsQ== }
    dev: true

  /@types/normalize-package-data/2.4.1:
    resolution: { integrity: sha512-Gj7cI7z+98M282Tqmp2K5EIsoouUEzbBJhQQzDE3jSIRk6r9gsz0oUokqIUR4u1R3dMHo0pDHM7sNOHyhulypw== }
    dev: true

  /balanced-match/1.0.2:
    resolution: { integrity: sha512-3oSeUO0TMV67hN1AmbXsK4yaqU7tjiHlbxRDZOpH0KW9+CeX4bRAaX0Anxt0tx2MrpRpWwQaPwIlISEJhYU5Pw== }
    dev: true

  /brace-expansion/1.1.11:
    resolution: { integrity: sha512-iCuPHDFgrHX7H2vEI/5xpz07zSHB00TpugqhmYtVmMO6518mCuRMoOYFldEBl0g187ufozdaHgWKcYFb61qGiA== }
    dependencies:
      balanced-match: 1.0.2
      concat-map: 0.0.1
    dev: true

  /concat-map/0.0.1:
    resolution: { integrity: sha1-2Klr13/Wjfd5OnMDajug1UBdR3s= }
    dev: true

  /fs.realpath/1.0.0:
    resolution: { integrity: sha512-OO0pH2lK6a0hZnAdau5ItzHPI6pUlvI7jMVnxUQRtw4owF2wk8lOSabtGDCTP4Ggrg2MbGnWO9X8K1t4+fGMDw== }
    dev: true

  /glob/7.2.3:
    resolution: { integrity: sha512-nFR0zLpU2YCaRxwoCJvL6UvCH2JFyFVIvwTLsIf21AuHlMskA1hhTdk+LlYJtOlYt9v6dvszD2BGRqBL+iQK9Q== }
    dependencies:
      fs.realpath: 1.0.0
      inflight: 1.0.6
      inherits: 2.0.4
      minimatch: 3.1.2
      once: 1.4.0
      path-is-absolute: 1.0.1
    dev: true

  /inflight/1.0.6:
    resolution: { integrity: sha512-k92I/b08q4wvFscXCLvqfsHCrjrF7yiXsQuIVvVE7N82W3+aqpzuUdBbfhWcy/FZR3/4IgflMgKLOsvPDrGCJA== }
    dependencies:
      once: 1.4.0
      wrappy: 1.0.2
    dev: true

  /inherits/2.0.4:
    resolution: { integrity: sha512-k/vGaX4/Yla3WzyMCvTQOXYeIHvqOKtnqBduzTHpzpQZzAskKMhZ2K+EnBiSM9zGSoIFeMpXKxa4dYeZIQqewQ== }
    dev: true

  /loglevel/1.8.0:
    resolution: { integrity: sha512-G6A/nJLRgWOuuwdNuA6koovfEV1YpqqAG4pRUlFaz3jj2QNZ8M4vBqnVA+HBTmU/AMNUtlOsMmSpF6NyOjztbA== }
    engines: { node: '>= 0.6.0' }
    dev: true

  /minimatch/3.1.2:
    resolution: { integrity: sha512-J7p63hRiAjw1NDEww1W7i37+ByIrOWO5XQQAzZ3VOcL0PNybwpfmV/N05zFAzwQ9USyEcX6t3UO+K5aqBQOIHw== }
    dependencies:
      brace-expansion: 1.1.11
    dev: true

  /once/1.4.0:
    resolution: { integrity: sha512-lNaJgI+2Q5URQBkccEKHTQOPaXdUxnZZElQTZY0MFUAuaEqe1E+Nyvgdz/aIyNi6Z9MzO5dv1H8n58/GELp3+w== }
    dependencies:
      wrappy: 1.0.2
    dev: true

  /path-is-absolute/1.0.1:
    resolution: { integrity: sha512-AVbw3UJ2e9bq64vSaS9Am0fje1Pa8pbGqTTsmXfaIiMpnr5DlDhfJOuLj9Sf95ZPVDAUerDfEk88MPmPe7UCQg== }
    engines: { node: '>=0.10.0' }
    dev: true

  /rimraf/3.0.2:
    resolution: { integrity: sha512-JZkJMZkAGFFPP2YqXZXPbMlMBgsxzE8ILs4lMIX/2o0L9UBw9O/Y3o6wFw/i9YLapcUJWwqbi3kdxIPdC62TIA== }
    hasBin: true
    dependencies:
      glob: 7.2.3
    dev: true

  /rxjs/7.5.5:
    resolution: { integrity: sha512-sy+H0pQofO95VDmFLzyaw9xNJU4KTRSwQIGM6+iG3SypAtCiLDzpeG8sJrNCWn2Up9km+KhkvTdbkrdy+yzZdw== }
    dependencies:
      tslib: 2.4.0
    dev: true

  /svelte/3.49.0:
    resolution: { integrity: sha512-+lmjic1pApJWDfPCpUUTc1m8azDqYCG1JN9YEngrx/hUyIcFJo6VZhj0A1Ai0wqoHcEIuQy+e9tk+4uDgdtsFA== }
    engines: { node: '>= 8' }
    dev: true

  /to-fast-properties/2.0.0:
    resolution: { integrity: sha512-/OaKK0xYrs3DmxRYqL/yDc+FxFUVYhDlXMhRmv3z915w2HF1tnN1omB354j8VUGO/hbRzyD6Y3sA7v7GS/ceog== }
    engines: { node: '>=4' }
    dev: true

  /tslib/2.4.0:
    resolution: { integrity: sha512-d6xOpEDfsi2CZVlPQzGeux8XMwLT9hssAsaPYExaQMuYskwb+x1x7J371tWlbBdWHroy99KnVB6qIkUbs5X3UQ== }
    dev: true

  /typescript/4.7.4:
    resolution: { integrity: sha512-C0WQT0gezHuw6AdY1M2jxUO83Rjf0HP7Sk1DtXj6j1EwkQNZrHAg2XPWlq62oqEhYvONq5pkC2Y9oPljWToLmQ== }
    engines: { node: '>=4.2.0' }
    hasBin: true
    dev: true

  /wrappy/1.0.2:
    resolution: { integrity: sha512-l4Sp/DRseor9wL6EvV2+TuQn63dMkPjZ/sp9XkghTEbV9KlPS1xUsZ3u7/IQO4wxtcFB4bgpQPRcR3QCvezPcQ== }
    dev: true
